<?xml version="1.0" encoding="utf-8"?>
<Project ToolsVersion="4.0" xmlns="http://schemas.microsoft.com/developer/msbuild/2003">
  <ItemGroup>
    <Filter Include="vendor">
      <UniqueIdentifier>{B3738122-9F15-ACF8-88D0-BF4C74113349}</UniqueIdentifier>
    </Filter>
    <Filter Include="vendor\glwf">
      <UniqueIdentifier>{729179C1-DE46-F2B6-673B-EC8DD3EFE8BA}</UniqueIdentifier>
    </Filter>
    <Filter Include="vendor\glwf\include">
      <UniqueIdentifier>{E50A7280-516C-4F8E-DAD9-9540463A864D}</UniqueIdentifier>
    </Filter>
    <Filter Include="vendor\glwf\include\GLFW">
      <UniqueIdentifier>{445DF004-3082-3F85-59CD-241545513EA3}</UniqueIdentifier>
    </Filter>
  </ItemGroup>
  <ItemGroup>
    <ClInclude Include="..\vendor\glwf\include\GLFW\glfw3.h">
      <Filter>vendor\glwf\include\GLFW</Filter>
    </ClInclude>
    <ClInclude Include="..\vendor\glwf\include\GLFW\glfw3native.h">
      <Filter>vendor\glwf\include\GLFW</Filter>
    </ClInclude>
  </ItemGroup>
  <ItemGroup>
    <ClCompile Include="Seagull.cpp" />
  </ItemGroup>
</Project>