<?xml version="1.0" encoding="utf-8"?>
<Project ToolsVersion="4.0" xmlns="http://schemas.microsoft.com/developer/msbuild/2003">
  <ItemGroup>
    <Filter Include="src">
      <UniqueIdentifier>{2DAB880B-99B4-887C-2230-9F7C8E38947C}</UniqueIdentifier>
    </Filter>
    <Filter Include="src\SimpleShapes">
      <UniqueIdentifier>{EA464F80-D63F-6ED2-FF71-5357EBC94DDE}</UniqueIdentifier>
    </Filter>
  </ItemGroup>
  <ItemGroup>
    <ClInclude Include="Seagull.h" />
    <ClInclude Include="src\RenderObject.h">
      <Filter>src</Filter>
    </ClInclude>
    <ClInclude Include="src\Scene.h">
      <Filter>src</Filter>
    </ClInclude>
    <ClInclude Include="src\SceneSettings.h">
      <Filter>src</Filter>
    </ClInclude>
    <ClInclude Include="src\SimpleShapes\Square.h">
      <Filter>src\SimpleShapes</Filter>
    </ClInclude>
  </ItemGroup>
  <ItemGroup>
    <ClCompile Include="Seagull.cpp" />
    <ClCompile Include="src\RenderObject.cpp">
      <Filter>src</Filter>
    </ClCompile>
    <ClCompile Include="src\Scene.cpp">
      <Filter>src</Filter>
    </ClCompile>
    <ClCompile Include="src\SimpleShapes\Square.cpp">
      <Filter>src\SimpleShapes</Filter>
    </ClCompile>
  </ItemGroup>
</Project>