<?xml version="1.0" encoding="utf-8"?>
<Project ToolsVersion="4.0" xmlns="http://schemas.microsoft.com/developer/msbuild/2003">
  <ItemGroup>
    <Filter Include="src">
      <UniqueIdentifier>{2DAB880B-99B4-887C-2230-9F7C8E38947C}</UniqueIdentifier>
    </Filter>
    <Filter Include="src\SimpleShapes">
      <UniqueIdentifier>{EA464F80-D63F-6ED2-FF71-5357EBC94DDE}</UniqueIdentifier>
    </Filter>
    <Filter Include="src\core">
      <UniqueIdentifier>{C55F2ECF-B12C-89DA-DA45-7782C671BE68}</UniqueIdentifier>
    </Filter>
  </ItemGroup>
  <ItemGroup>
    <ClInclude Include="Seagull.h" />
    <ClInclude Include="src\Dimension.h">
      <Filter>src</Filter>
    </ClInclude>
    <ClInclude Include="src\Graphics.h">
      <Filter>src</Filter>
    </ClInclude>
    <ClInclude Include="src\Input.h">
      <Filter>src</Filter>
    </ClInclude>
    <ClInclude Include="src\Interaction.h">
      <Filter>src</Filter>
    </ClInclude>
    <ClInclude Include="src\Scene.h">
      <Filter>src</Filter>
    </ClInclude>
    <ClInclude Include="src\SceneSettings.h">
      <Filter>src</Filter>
    </ClInclude>
    <ClInclude Include="src\SimpleShapes\Square.h">
      <Filter>src\SimpleShapes</Filter>
    </ClInclude>
    <ClInclude Include="src\SimpleShapes\Triangle.h">
      <Filter>src\SimpleShapes</Filter>
    </ClInclude>
    <ClInclude Include="src\core\ErrorHandle.h">
      <Filter>src\core</Filter>
    </ClInclude>
    <ClInclude Include="src\core\RenderObject.h">
      <Filter>src\core</Filter>
    </ClInclude>
    <ClInclude Include="src\core\Shader.h">
      <Filter>src\core</Filter>
    </ClInclude>
  </ItemGroup>
  <ItemGroup>
    <ClCompile Include="glad.c" />
    <ClCompile Include="src\Graphics.cpp">
      <Filter>src</Filter>
    </ClCompile>
    <ClCompile Include="src\Input.cpp">
      <Filter>src</Filter>
    </ClCompile>
    <ClCompile Include="src\Interaction.cpp">
      <Filter>src</Filter>
    </ClCompile>
    <ClCompile Include="src\Scene.cpp">
      <Filter>src</Filter>
    </ClCompile>
    <ClCompile Include="src\SimpleShapes\Square.cpp">
      <Filter>src\SimpleShapes</Filter>
    </ClCompile>
    <ClCompile Include="src\SimpleShapes\Triangle.cpp">
      <Filter>src\SimpleShapes</Filter>
    </ClCompile>
    <ClCompile Include="src\core\RenderObject.cpp">
      <Filter>src\core</Filter>
    </ClCompile>
    <ClCompile Include="src\core\Shader.cpp">
      <Filter>src\core</Filter>
    </ClCompile>
  </ItemGroup>
</Project>